github.com/fulldump/apitest v1.2.2 h1:HoUHOS8hV/5YrHLrWAiYo/d5gAZ7PH70L1wFo+EP59A=
github.com/fulldump/apitest v1.2.2/go.mod h1:hF+U2Aio8KVMIePMvgPr9tIk1ZEh/86ub43o1647tXw=
github.com/fulldump/biff v1.3.0 h1:FZDqvP8lkrCMDv/oNEH+j2unpuAY+8aXZ44GIvXYOx4=
github.com/fulldump/biff v1.3.0/go.mod h1:TnBce9eRITmnv3otdmITKeU/zmC08DxotA9s0VcJELg=
github.com/fulldump/box v0.3.0 h1:ZU1JtZrchfWHlpb+JCMimSIHNJQ3+fKFTyxSCDpobvM=
github.com/fulldump/box v0.3.0/go.mod h1:k1dcwIeNOar6zLlP9D8oF/4FjQeK8kAt7BtRUh/SrMg=
